<?xml version="1.0" encoding="utf-8"?>
<Project ToolsVersion="4.0" xmlns="http://schemas.microsoft.com/developer/msbuild/2003">
  <ItemGroup>
    <ClCompile Include="source\CollisionHelper.cpp">
      <Filter>Source</Filter>
    </ClCompile>
    <ClCompile Include="source\DefaultGame.cpp">
      <Filter>Source</Filter>
    </ClCompile>
    <ClCompile Include="source\DynamicEnvironmentObject.cpp">
      <Filter>Source</Filter>
    </ClCompile>
    <ClCompile Include="source\EndLevelCollectable.cpp">
      <Filter>Source</Filter>
    </ClCompile>
    <ClCompile Include="source\EnemyTower.cpp">
      <Filter>Source</Filter>
    </ClCompile>
    <ClCompile Include="source\GLAD\glad.c">
      <Filter>Source</Filter>
    </ClCompile>
    <ClCompile Include="source\GLFW_EngineCore.cpp">
      <Filter>Source</Filter>
    </ClCompile>
    <ClCompile Include="source\Graph.cpp">
      <Filter>Source</Filter>
    </ClCompile>
    <ClCompile Include="source\InputHandler.cpp">
      <Filter>Source</Filter>
    </ClCompile>
    <ClCompile Include="source\JSON\jsoncpp.cpp">
      <Filter>Source</Filter>
    </ClCompile>
    <ClCompile Include="source\main.cpp">
      <Filter>Source</Filter>
    </ClCompile>
    <ClCompile Include="source\Node.cpp">
      <Filter>Source</Filter>
    </ClCompile>
    <ClCompile Include="source\PhysicsEngine.cpp">
      <Filter>Source</Filter>
    </ClCompile>
    <ClCompile Include="source\PlayerCharacter.cpp">
      <Filter>Source</Filter>
    </ClCompile>
    <ClCompile Include="source\QuadTree.cpp">
      <Filter>Source</Filter>
    </ClCompile>
    <ClCompile Include="source\Random.cpp">
      <Filter>Source</Filter>
    </ClCompile>
    <ClCompile Include="source\Scene.cpp">
      <Filter>Source</Filter>
    </ClCompile>
    <ClCompile Include="source\StaticEnvironmentObject.cpp">
      <Filter>Source</Filter>
    </ClCompile>
    <ClCompile Include="source\STB_IMAGE\stb_image.c">
      <Filter>Source</Filter>
    </ClCompile>
    <ClCompile Include="source\FontRenderer.cpp">
      <Filter>Source\Graphics Engine</Filter>
    </ClCompile>
    <ClCompile Include="source\Mesh.cpp">
      <Filter>Source\Graphics Engine</Filter>
    </ClCompile>
    <ClCompile Include="source\Model.cpp">
      <Filter>Source\Graphics Engine</Filter>
    </ClCompile>
    <ClCompile Include="source\SkyBox.cpp">
      <Filter>Source\Graphics Engine</Filter>
    </ClCompile>
    <ClCompile Include="source\ShaderProgram.cpp">
      <Filter>Source\Graphics Engine</Filter>
    </ClCompile>
    <ClCompile Include="source\VBOQuad.cpp">
      <Filter>Source\Graphics Engine</Filter>
    </ClCompile>
    <ClCompile Include="source\FrameBufferObject.cpp">
      <Filter>Source\Graphics Engine\PostProcessing</Filter>
    </ClCompile>
    <ClCompile Include="source\ImageRenderer.cpp">
      <Filter>Source\Graphics Engine\PostProcessing</Filter>
    </ClCompile>
    <ClCompile Include="source\PostProcessor.cpp">
      <Filter>Source\Graphics Engine\PostProcessing</Filter>
    </ClCompile>
    <ClCompile Include="source\CubemapCamera.cpp">
      <Filter>Source\Graphics Engine\PostProcessing</Filter>
    </ClCompile>
    <ClCompile Include="source\ContrastChanger.cpp">
      <Filter>Source\Graphics Engine\PostProcessing</Filter>
    </ClCompile>
    <ClCompile Include="source\RenderEngine.cpp">
      <Filter>Source\Graphics Engine</Filter>
    </ClCompile>
    <ClCompile Include="source\Light.cpp">
      <Filter>Source\Graphics Engine</Filter>
    </ClCompile>
  </ItemGroup>
  <ItemGroup>
    <ClInclude Include="include\AttackComponent.h">
      <Filter>Include\Game\Components</Filter>
    </ClInclude>
    <ClInclude Include="include\BodyComponent.h">
      <Filter>Include\Game\Components</Filter>
    </ClInclude>
    <ClInclude Include="include\CameraComponent.h">
      <Filter>Include\Game\Components</Filter>
    </ClInclude>
    <ClInclude Include="include\CollisionEnums.h">
      <Filter>Include\Enums</Filter>
    </ClInclude>
    <ClInclude Include="include\CommandArgumentTypes.h">
      <Filter>Include\Enums</Filter>
    </ClInclude>
    <ClInclude Include="include\Component.h">
      <Filter>Include\Game\Components</Filter>
    </ClInclude>
    <ClInclude Include="include\DynamicEnvironmentObject.h">
      <Filter>Include\Game\Game Objects</Filter>
    </ClInclude>
    <ClInclude Include="include\EndLevelCollectable.h">
      <Filter>Include\Game\Game Objects</Filter>
    </ClInclude>
    <ClInclude Include="include\EnemyTower.h">
      <Filter>Include\Game\Game Objects</Filter>
    </ClInclude>
    <ClInclude Include="include\ModelManager.h">
      <Filter>Include\Managers</Filter>
    </ClInclude>
    <ClInclude Include="include\ModelComponent.h">
      <Filter>Include\Game\Components</Filter>
    </ClInclude>
    <ClInclude Include="include\MovementComponent.h">
      <Filter>Include\Game\Components</Filter>
    </ClInclude>
    <ClInclude Include="include\TransformComponent.h">
      <Filter>Include\Game\Components</Filter>
    </ClInclude>
    <ClInclude Include="include\InputCommandFactory.h">
      <Filter>Include\Input</Filter>
    </ClInclude>
    <ClInclude Include="include\InputCommands.h">
      <Filter>Include\Input</Filter>
    </ClInclude>
    <ClInclude Include="include\InputHandler.h">
      <Filter>Include\Input</Filter>
    </ClInclude>
    <ClInclude Include="include\FontRenderer.h">
      <Filter>Include\Graphics Engine</Filter>
    </ClInclude>
    <ClInclude Include="include\ShaderProgram.h">
      <Filter>Include\Graphics Engine</Filter>
    </ClInclude>
    <ClInclude Include="include\SkyBox.h">
      <Filter>Include\Graphics Engine</Filter>
    </ClInclude>
    <ClInclude Include="include\StaticEnvironmentObject.h">
      <Filter>Include\Game\Game Objects</Filter>
    </ClInclude>
    <ClInclude Include="include\CameraViewState.h">
      <Filter>Include\Enums</Filter>
    </ClInclude>
    <ClInclude Include="include\Collision.h">
      <Filter>Include\Physics Engine</Filter>
    </ClInclude>
    <ClInclude Include="include\CollisionHelper.h">
      <Filter>Include\Physics Engine</Filter>
    </ClInclude>
    <ClInclude Include="include\GameObject.h">
      <Filter>Include\Game\Game Objects</Filter>
    </ClInclude>
    <ClInclude Include="include\PlayerCharacter.h">
      <Filter>Include\Game\Game Objects</Filter>
    </ClInclude>
    <ClInclude Include="include\QuadTree.h">
      <Filter>Include\Physics Engine</Filter>
    </ClInclude>
    <ClInclude Include="include\HealthComponent.h">
      <Filter>Include\Game\Components</Filter>
    </ClInclude>
    <ClInclude Include="include\FileSystemHelper.h">
      <Filter>Include\Tools</Filter>
    </ClInclude>
    <ClInclude Include="include\Random.h">
      <Filter>Include\Tools</Filter>
    </ClInclude>
    <ClInclude Include="include\Mesh.h">
      <Filter>Include\Graphics Engine</Filter>
    </ClInclude>
    <ClInclude Include="include\Model.h">
      <Filter>Include\Graphics Engine</Filter>
    </ClInclude>
    <ClInclude Include="include\PhysicsEngine.h">
      <Filter>Include\Physics Engine</Filter>
    </ClInclude>
    <ClInclude Include="include\Graph.h">
      <Filter>Include\Artificial Intelligence</Filter>
    </ClInclude>
    <ClInclude Include="include\Node.h">
      <Filter>Include\Artificial Intelligence</Filter>
    </ClInclude>
    <ClInclude Include="include\GLFW_EngineCore.h">
      <Filter>Include\Engine Core</Filter>
    </ClInclude>
    <ClInclude Include="include\IEngineCore.h">
      <Filter>Include\Engine Core</Filter>
    </ClInclude>
    <ClInclude Include="include\DefaultGame.h">
      <Filter>Include\Game</Filter>
    </ClInclude>
    <ClInclude Include="include\Game.h">
      <Filter>Include\Game</Filter>
    </ClInclude>
    <ClInclude Include="include\Scene.h">
      <Filter>Include\Game</Filter>
    </ClInclude>
    <ClInclude Include="include\VBOQuad.h">
      <Filter>Include\Graphics Engine</Filter>
    </ClInclude>
    <ClInclude Include="include\FrameBufferObject.h">
      <Filter>Include\Graphics Engine\PostProcessing</Filter>
    </ClInclude>
    <ClInclude Include="include\CubemapCamera.h">
      <Filter>Include\Graphics Engine\PostProcessing</Filter>
    </ClInclude>
    <ClInclude Include="include\PostProcessor.h">
      <Filter>Include\Graphics Engine\PostProcessing</Filter>
    </ClInclude>
    <ClInclude Include="include\ImageRenderer.h">
      <Filter>Include\Graphics Engine\PostProcessing</Filter>
    </ClInclude>
    <ClInclude Include="include\ContrastChanger.h">
      <Filter>Include\Graphics Engine\PostProcessing</Filter>
    </ClInclude>
    <ClInclude Include="include\FrameBufferType.h">
      <Filter>Include\Enums</Filter>
    </ClInclude>
    <ClInclude Include="include\Light.h">
      <Filter>Include\Graphics Engine</Filter>
    </ClInclude>
    <ClInclude Include="include\RenderEngine.h">
      <Filter>Include\Graphics Engine\Renderer</Filter>
    </ClInclude>
  </ItemGroup>
  <ItemGroup>
    <None Include="resources\shaders\fontShader.frag">
      <Filter>Resources</Filter>
    </None>
    <None Include="resources\shaders\fontShader.vert">
      <Filter>Resources</Filter>
    </None>
    <None Include="resources\shaders\skybox.frag">
      <Filter>Resources</Filter>
    </None>
    <None Include="resources\shaders\skybox.vert">
      <Filter>Resources</Filter>
    </None>
    <None Include="resources\shaders\contrastShader.frag">
      <Filter>Resources</Filter>
    </None>
    <None Include="resources\shaders\contrastShader.vert">
      <Filter>Resources</Filter>
    </None>
    <None Include="resources\shaders\shadowShader.frag">
      <Filter>Resources</Filter>
    </None>
    <None Include="resources\shaders\shadowShader.vert">
      <Filter>Resources</Filter>
    </None>
    <None Include="resources\shaders\shadowShaderDepth.frag">
      <Filter>Resources</Filter>
    </None>
    <None Include="resources\shaders\shadowShaderDepth.vert">
      <Filter>Resources</Filter>
    </None>
    <None Include="resources\shaders\defaultShader.frag">
      <Filter>Resources</Filter>
    </None>
    <None Include="resources\shaders\defaultShader.vert">
      <Filter>Resources</Filter>
    </None>
    <None Include="resources\shaders\debugShader.frag">
      <Filter>Resources</Filter>
    </None>
    <None Include="resources\shaders\debugShader.vert">
      <Filter>Resources</Filter>
    </None>
  </ItemGroup>
  <ItemGroup>
    <Filter Include="Include">
      <UniqueIdentifier>{bda6f82d-ec56-4448-a077-4cc51454fb74}</UniqueIdentifier>
    </Filter>
    <Filter Include="Source">
      <UniqueIdentifier>{a6b277e3-210c-4583-85b2-95dc7e5bdb30}</UniqueIdentifier>
    </Filter>
    <Filter Include="Resources">
      <UniqueIdentifier>{c996bb8e-4cf4-4a24-953f-f908710435f4}</UniqueIdentifier>
    </Filter>
    <Filter Include="Include\Managers">
      <UniqueIdentifier>{edbd8b00-9e15-43cb-a4cb-55f8a23968ae}</UniqueIdentifier>
    </Filter>
    <Filter Include="Include\Enums">
      <UniqueIdentifier>{90440d30-bb12-48c3-8879-3c2343c89eba}</UniqueIdentifier>
    </Filter>
    <Filter Include="Include\Input">
      <UniqueIdentifier>{40b51930-6107-4f98-87a7-7c8115510034}</UniqueIdentifier>
    </Filter>
    <Filter Include="Include\Graphics Engine">
      <UniqueIdentifier>{433a3f6b-7f3c-4df3-b920-c1534a9ea750}</UniqueIdentifier>
    </Filter>
    <Filter Include="Include\Physics Engine">
      <UniqueIdentifier>{14533dd3-4ea7-4bfe-b2d8-122c785f431a}</UniqueIdentifier>
    </Filter>
    <Filter Include="Include\Tools">
      <UniqueIdentifier>{1b710704-ddcc-4310-889a-bee96eddd022}</UniqueIdentifier>
    </Filter>
    <Filter Include="Include\Artificial Intelligence">
      <UniqueIdentifier>{da9a6632-8b89-4619-9550-12cbfcb474c2}</UniqueIdentifier>
    </Filter>
    <Filter Include="Include\Engine Core">
      <UniqueIdentifier>{937c2546-ae62-47f1-8e38-e4dd6e74fa17}</UniqueIdentifier>
    </Filter>
    <Filter Include="Include\Game">
      <UniqueIdentifier>{b64ac252-c46b-481c-a41e-3ed2ccee9568}</UniqueIdentifier>
    </Filter>
    <Filter Include="Include\Game\Components">
      <UniqueIdentifier>{346db063-aa82-4b48-8036-a9d58f239c1e}</UniqueIdentifier>
    </Filter>
    <Filter Include="Include\Game\Game Objects">
      <UniqueIdentifier>{20b0e9b6-cccc-4e8f-8f8a-cb8deefe2ebb}</UniqueIdentifier>
    </Filter>
    <Filter Include="Source\Graphics Engine">
      <UniqueIdentifier>{5a523e67-df6e-4f61-8fb6-1f6ee97720a4}</UniqueIdentifier>
    </Filter>
    <Filter Include="Include\Graphics Engine\PostProcessing">
      <UniqueIdentifier>{1698371a-2823-42b0-aaab-6bb761db0fcb}</UniqueIdentifier>
    </Filter>
    <Filter Include="Source\Graphics Engine\PostProcessing">
      <UniqueIdentifier>{50b69cf1-b9d9-4d57-b2a3-9fae1d8056f4}</UniqueIdentifier>
    </Filter>
    <Filter Include="Include\Graphics Engine\Shadows">
      <UniqueIdentifier>{cce6858b-7240-48b8-bf9e-bbf3e3b5e227}</UniqueIdentifier>
    </Filter>
    <Filter Include="Source\Graphics Engine\Shadows">
      <UniqueIdentifier>{b8b03d74-3666-4f5e-b82a-3fcdcf6b210a}</UniqueIdentifier>
    </Filter>
    <Filter Include="Include\Graphics Engine\Renderer">
      <UniqueIdentifier>{e73ee488-bc04-44f4-ad51-313536ac28c8}</UniqueIdentifier>
    </Filter>
  </ItemGroup>
</Project>